// !$*UTF8*$!
{
	archiveVersion = 1;
	classes = {
	};
	objectVersion = 46;
	objects = {

/* Begin PBXBuildFile section */
		336CEF1E1B1FFD6000568D5A /* AppDelegate.swift in Sources */ = {isa = PBXBuildFile; fileRef = 336CEF1D1B1FFD6000568D5A /* AppDelegate.swift */; };
		336CEF201B1FFD6000568D5A /* ViewController.swift in Sources */ = {isa = PBXBuildFile; fileRef = 336CEF1F1B1FFD6000568D5A /* ViewController.swift */; };
		336CEF231B1FFD6000568D5A /* Main.storyboard in Resources */ = {isa = PBXBuildFile; fileRef = 336CEF211B1FFD6000568D5A /* Main.storyboard */; };
		336CEF251B1FFD6000568D5A /* Images.xcassets in Resources */ = {isa = PBXBuildFile; fileRef = 336CEF241B1FFD6000568D5A /* Images.xcassets */; };
		336CEF281B1FFD6000568D5A /* LaunchScreen.xib in Resources */ = {isa = PBXBuildFile; fileRef = 336CEF261B1FFD6000568D5A /* LaunchScreen.xib */; };
		336CEF341B1FFD6000568D5A /* MyTextFieldsDelegateTestsTests.swift in Sources */ = {isa = PBXBuildFile; fileRef = 336CEF331B1FFD6000568D5A /* MyTextFieldsDelegateTestsTests.swift */; };
/* End PBXBuildFile section */

/* Begin PBXContainerItemProxy section */
		336CEF2E1B1FFD6000568D5A /* PBXContainerItemProxy */ = {
			isa = PBXContainerItemProxy;
			containerPortal = 336CEF101B1FFD6000568D5A /* Project object */;
			proxyType = 1;
			remoteGlobalIDString = 336CEF171B1FFD6000568D5A;
			remoteInfo = MyTextFieldsDelegateTests;
		};
/* End PBXContainerItemProxy section */

/* Begin PBXFileReference section */
		336CEF181B1FFD6000568D5A /* MyTextFieldsDelegateTests.app */ = {isa = PBXFileReference; explicitFileType = wrapper.application; includeInIndex = 0; path = MyTextFieldsDelegateTests.app; sourceTree = BUILT_PRODUCTS_DIR; };
		336CEF1C1B1FFD6000568D5A /* Info.plist */ = {isa = PBXFileReference; lastKnownFileType = text.plist.xml; path = Info.plist; sourceTree = "<group>"; };
		336CEF1D1B1FFD6000568D5A /* AppDelegate.swift */ = {isa = PBXFileReference; lastKnownFileType = sourcecode.swift; path = AppDelegate.swift; sourceTree = "<group>"; };
		336CEF1F1B1FFD6000568D5A /* ViewController.swift */ = {isa = PBXFileReference; lastKnownFileType = sourcecode.swift; path = ViewController.swift; sourceTree = "<group>"; };
		336CEF221B1FFD6000568D5A /* Base */ = {isa = PBXFileReference; lastKnownFileType = file.storyboard; name = Base; path = Base.lproj/Main.storyboard; sourceTree = "<group>"; };
		336CEF241B1FFD6000568D5A /* Images.xcassets */ = {isa = PBXFileReference; lastKnownFileType = folder.assetcatalog; path = Images.xcassets; sourceTree = "<group>"; };
		336CEF271B1FFD6000568D5A /* Base */ = {isa = PBXFileReference; lastKnownFileType = file.xib; name = Base; path = Base.lproj/LaunchScreen.xib; sourceTree = "<group>"; };
		336CEF2D1B1FFD6000568D5A /* MyTextFieldsDelegateTestsTests.xctest */ = {isa = PBXFileReference; explicitFileType = wrapper.cfbundle; includeInIndex = 0; path = MyTextFieldsDelegateTestsTests.xctest; sourceTree = BUILT_PRODUCTS_DIR; };
		336CEF321B1FFD6000568D5A /* Info.plist */ = {isa = PBXFileReference; lastKnownFileType = text.plist.xml; path = Info.plist; sourceTree = "<group>"; };
		336CEF331B1FFD6000568D5A /* MyTextFieldsDelegateTestsTests.swift */ = {isa = PBXFileReference; lastKnownFileType = sourcecode.swift; path = MyTextFieldsDelegateTestsTests.swift; sourceTree = "<group>"; };
/* End PBXFileReference section */

/* Begin PBXFrameworksBuildPhase section */
		336CEF151B1FFD6000568D5A /* Frameworks */ = {
			isa = PBXFrameworksBuildPhase;
			buildActionMask = 2147483647;
			files = (
			);
			runOnlyForDeploymentPostprocessing = 0;
		};
		336CEF2A1B1FFD6000568D5A /* Frameworks */ = {
			isa = PBXFrameworksBuildPhase;
			buildActionMask = 2147483647;
			files = (
			);
			runOnlyForDeploymentPostprocessing = 0;
		};
/* End PBXFrameworksBuildPhase section */

/* Begin PBXGroup section */
		336CEF0F1B1FFD6000568D5A = {
			isa = PBXGroup;
			children = (
				336CEF1A1B1FFD6000568D5A /* MyTextFieldsDelegateTests */,
				336CEF301B1FFD6000568D5A /* MyTextFieldsDelegateTestsTests */,
				336CEF191B1FFD6000568D5A /* Products */,
			);
			sourceTree = "<group>";
		};
		336CEF191B1FFD6000568D5A /* Products */ = {
			isa = PBXGroup;
			children = (
				336CEF181B1FFD6000568D5A /* MyTextFieldsDelegateTests.app */,
				336CEF2D1B1FFD6000568D5A /* MyTextFieldsDelegateTestsTests.xctest */,
			);
			name = Products;
			sourceTree = "<group>";
		};
		336CEF1A1B1FFD6000568D5A /* MyTextFieldsDelegateTests */ = {
			isa = PBXGroup;
			children = (
				336CEF1D1B1FFD6000568D5A /* AppDelegate.swift */,
				336CEF1F1B1FFD6000568D5A /* ViewController.swift */,
				336CEF211B1FFD6000568D5A /* Main.storyboard */,
				336CEF241B1FFD6000568D5A /* Images.xcassets */,
				336CEF261B1FFD6000568D5A /* LaunchScreen.xib */,
				336CEF1B1B1FFD6000568D5A /* Supporting Files */,
			);
			path = MyTextFieldsDelegateTests;
			sourceTree = "<group>";
		};
		336CEF1B1B1FFD6000568D5A /* Supporting Files */ = {
			isa = PBXGroup;
			children = (
				336CEF1C1B1FFD6000568D5A /* Info.plist */,
			);
			name = "Supporting Files";
			sourceTree = "<group>";
		};
		336CEF301B1FFD6000568D5A /* MyTextFieldsDelegateTestsTests */ = {
			isa = PBXGroup;
			children = (
				336CEF331B1FFD6000568D5A /* MyTextFieldsDelegateTestsTests.swift */,
				336CEF311B1FFD6000568D5A /* Supporting Files */,
			);
			path = MyTextFieldsDelegateTestsTests;
			sourceTree = "<group>";
		};
		336CEF311B1FFD6000568D5A /* Supporting Files */ = {
			isa = PBXGroup;
			children = (
				336CEF321B1FFD6000568D5A /* Info.plist */,
			);
			name = "Supporting Files";
			sourceTree = "<group>";
		};
/* End PBXGroup section */

/* Begin PBXNativeTarget section */
		336CEF171B1FFD6000568D5A /* MyTextFieldsDelegateTests */ = {
			isa = PBXNativeTarget;
			buildConfigurationList = 336CEF371B1FFD6000568D5A /* Build configuration list for PBXNativeTarget "MyTextFieldsDelegateTests" */;
			buildPhases = (
				336CEF141B1FFD6000568D5A /* Sources */,
				336CEF151B1FFD6000568D5A /* Frameworks */,
				336CEF161B1FFD6000568D5A /* Resources */,
			);
			buildRules = (
			);
			dependencies = (
			);
			name = MyTextFieldsDelegateTests;
			productName = MyTextFieldsDelegateTests;
			productReference = 336CEF181B1FFD6000568D5A /* MyTextFieldsDelegateTests.app */;
			productType = "com.apple.product-type.application";
		};
		336CEF2C1B1FFD6000568D5A /* MyTextFieldsDelegateTestsTests */ = {
			isa = PBXNativeTarget;
			buildConfigurationList = 336CEF3A1B1FFD6000568D5A /* Build configuration list for PBXNativeTarget "MyTextFieldsDelegateTestsTests" */;
			buildPhases = (
				336CEF291B1FFD6000568D5A /* Sources */,
				336CEF2A1B1FFD6000568D5A /* Frameworks */,
				336CEF2B1B1FFD6000568D5A /* Resources */,
			);
			buildRules = (
			);
			dependencies = (
				336CEF2F1B1FFD6000568D5A /* PBXTargetDependency */,
			);
			name = MyTextFieldsDelegateTestsTests;
			productName = MyTextFieldsDelegateTestsTests;
			productReference = 336CEF2D1B1FFD6000568D5A /* MyTextFieldsDelegateTestsTests.xctest */;
			productType = "com.apple.product-type.bundle.unit-test";
		};
/* End PBXNativeTarget section */

/* Begin PBXProject section */
		336CEF101B1FFD6000568D5A /* Project object */ = {
			isa = PBXProject;
			attributes = {
				LastUpgradeCheck = 0630;
				ORGANIZATIONNAME = "Klaus Villaca";
				TargetAttributes = {
					336CEF171B1FFD6000568D5A = {
						CreatedOnToolsVersion = 6.3.2;
					};
					336CEF2C1B1FFD6000568D5A = {
						CreatedOnToolsVersion = 6.3.2;
						TestTargetID = 336CEF171B1FFD6000568D5A;
					};
				};
			};
			buildConfigurationList = 336CEF131B1FFD6000568D5A /* Build configuration list for PBXProject "MyTextFieldsDelegateTests" */;
			compatibilityVersion = "Xcode 3.2";
			developmentRegion = English;
			hasScannedForEncodings = 0;
			knownRegions = (
				en,
				Base,
			);
			mainGroup = 336CEF0F1B1FFD6000568D5A;
			productRefGroup = 336CEF191B1FFD6000568D5A /* Products */;
			projectDirPath = "";
			projectRoot = "";
			targets = (
				336CEF171B1FFD6000568D5A /* MyTextFieldsDelegateTests */,
				336CEF2C1B1FFD6000568D5A /* MyTextFieldsDelegateTestsTests */,
			);
		};
/* End PBXProject section */

/* Begin PBXResourcesBuildPhase section */
		336CEF161B1FFD6000568D5A /* Resources */ = {
			isa = PBXResourcesBuildPhase;
			buildActionMask = 2147483647;
			files = (
				336CEF231B1FFD6000568D5A /* Main.storyboard in Resources */,
				336CEF281B1FFD6000568D5A /* LaunchScreen.xib in Resources */,
				336CEF251B1FFD6000568D5A /* Images.xcassets in Resources */,
			);
			runOnlyForDeploymentPostprocessing = 0;
		};
		336CEF2B1B1FFD6000568D5A /* Resources */ = {
			isa = PBXResourcesBuildPhase;
			buildActionMask = 2147483647;
			files = (
			);
			runOnlyForDeploymentPostprocessing = 0;
		};
/* End PBXResourcesBuildPhase section */

/* Begin PBXSourcesBuildPhase section */
		336CEF141B1FFD6000568D5A /* Sources */ = {
			isa = PBXSourcesBuildPhase;
			buildActionMask = 2147483647;
			files = (
				336CEF201B1FFD6000568D5A /* ViewController.swift in Sources */,
				336CEF1E1B1FFD6000568D5A /* AppDelegate.swift in Sources */,
			);
			runOnlyForDeploymentPostprocessing = 0;
		};
		336CEF291B1FFD6000568D5A /* Sources */ = {
			isa = PBXSourcesBuildPhase;
			buildActionMask = 2147483647;
			files = (
				336CEF341B1FFD6000568D5A /* MyTextFieldsDelegateTestsTests.swift in Sources */,
			);
			runOnlyForDeploymentPostprocessing = 0;
		};
/* End PBXSourcesBuildPhase section */

/* Begin PBXTargetDependency section */
		336CEF2F1B1FFD6000568D5A /* PBXTargetDependency */ = {
			isa = PBXTargetDependency;
			target = 336CEF171B1FFD6000568D5A /* MyTextFieldsDelegateTests */;
			targetProxy = 336CEF2E1B1FFD6000568D5A /* PBXContainerItemProxy */;
		};
/* End PBXTargetDependency section */

/* Begin PBXVariantGroup section */
		336CEF211B1FFD6000568D5A /* Main.storyboard */ = {
			isa = PBXVariantGroup;
			children = (
				336CEF221B1FFD6000568D5A /* Base */,
			);
			name = Main.storyboard;
			sourceTree = "<group>";
		};
		336CEF261B1FFD6000568D5A /* LaunchScreen.xib */ = {
			isa = PBXVariantGroup;
			children = (
				336CEF271B1FFD6000568D5A /* Base */,
			);
			name = LaunchScreen.xib;
			sourceTree = "<group>";
		};
/* End PBXVariantGroup section */

/* Begin XCBuildConfiguration section */
		336CEF351B1FFD6000568D5A /* Debug */ = {
			isa = XCBuildConfiguration;
			buildSettings = {
				ALWAYS_SEARCH_USER_PATHS = NO;
				CLANG_CXX_LANGUAGE_STANDARD = "gnu++0x";
				CLANG_CXX_LIBRARY = "libc++";
				CLANG_ENABLE_MODULES = YES;
				CLANG_ENABLE_OBJC_ARC = YES;
				CLANG_WARN_BOOL_CONVERSION = YES;
				CLANG_WARN_CONSTANT_CONVERSION = YES;
				CLANG_WARN_DIRECT_OBJC_ISA_USAGE = YES_ERROR;
				CLANG_WARN_EMPTY_BODY = YES;
				CLANG_WARN_ENUM_CONVERSION = YES;
				CLANG_WARN_INT_CONVERSION = YES;
				CLANG_WARN_OBJC_ROOT_CLASS = YES_ERROR;
				CLANG_WARN_UNREACHABLE_CODE = YES;
				CLANG_WARN__DUPLICATE_METHOD_MATCH = YES;
				"CODE_SIGN_IDENTITY[sdk=iphoneos*]" = "iPhone Developer";
				COPY_PHASE_STRIP = NO;
				DEBUG_INFORMATION_FORMAT = "dwarf-with-dsym";
				ENABLE_STRICT_OBJC_MSGSEND = YES;
				GCC_C_LANGUAGE_STANDARD = gnu99;
				GCC_DYNAMIC_NO_PIC = NO;
				GCC_NO_COMMON_BLOCKS = YES;
				GCC_OPTIMIZATION_LEVEL = 0;
				GCC_PREPROCESSOR_DEFINITIONS = (
					"DEBUG=1",
					"$(inherited)",
				);
				GCC_SYMBOLS_PRIVATE_EXTERN = NO;
				GCC_WARN_64_TO_32_BIT_CONVERSION = YES;
				GCC_WARN_ABOUT_RETURN_TYPE = YES_ERROR;
				GCC_WARN_UNDECLARED_SELECTOR = YES;
				GCC_WARN_UNINITIALIZED_AUTOS = YES_AGGRESSIVE;
				GCC_WARN_UNUSED_FUNCTION = YES;
				GCC_WARN_UNUSED_VARIABLE = YES;
				IPHONEOS_DEPLOYMENT_TARGET = 8.3;
				MTL_ENABLE_DEBUG_INFO = YES;
				ONLY_ACTIVE_ARCH = YES;
				SDKROOT = iphoneos;
				SWIFT_OPTIMIZATION_LEVEL = "-Onone";
			};
			name = Debug;
		};
		336CEF361B1FFD6000568D5A /* Release */ = {
			isa = XCBuildConfiguration;
			buildSettings = {
				ALWAYS_SEARCH_USER_PATHS = NO;
				CLANG_CXX_LANGUAGE_STANDARD = "gnu++0x";
				CLANG_CXX_LIBRARY = "libc++";
				CLANG_ENABLE_MODULES = YES;
				CLANG_ENABLE_OBJC_ARC = YES;
				CLANG_WARN_BOOL_CONVERSION = YES;
				CLANG_WARN_CONSTANT_CONVERSION = YES;
				CLANG_WARN_DIRECT_OBJC_ISA_USAGE = YES_ERROR;
				CLANG_WARN_EMPTY_BODY = YES;
				CLANG_WARN_ENUM_CONVERSION = YES;
				CLANG_WARN_INT_CONVERSION = YES;
				CLANG_WARN_OBJC_ROOT_CLASS = YES_ERROR;
				CLANG_WARN_UNREACHABLE_CODE = YES;
				CLANG_WARN__DUPLICATE_METHOD_MATCH = YES;
				"CODE_SIGN_IDENTITY[sdk=iphoneos*]" = "iPhone Developer";
				COPY_PHASE_STRIP = NO;
				DEBUG_INFORMATION_FORMAT = "dwarf-with-dsym";
				ENABLE_NS_ASSERTIONS = NO;
				ENABLE_STRICT_OBJC_MSGSEND = YES;
				GCC_C_LANGUAGE_STANDARD = gnu99;
				GCC_NO_COMMON_BLOCKS = YES;
				GCC_WARN_64_TO_32_BIT_CONVERSION = YES;
				GCC_WARN_ABOUT_RETURN_TYPE = YES_ERROR;
				GCC_WARN_UNDECLARED_SELECTOR = YES;
				GCC_WARN_UNINITIALIZED_AUTOS = YES_AGGRESSIVE;
				GCC_WARN_UNUSED_FUNCTION = YES;
				GCC_WARN_UNUSED_VARIABLE = YES;
				IPHONEOS_DEPLOYMENT_TARGET = 8.3;
				MTL_ENABLE_DEBUG_INFO = NO;
				SDKROOT = iphoneos;
				VALIDATE_PRODUCT = YES;
			};
			name = Release;
		};
		336CEF381B1FFD6000568D5A /* Debug */ = {
			isa = XCBuildConfiguration;
			buildSettings = {
				ASSETCATALOG_COMPILER_APPICON_NAME = AppIcon;
				INFOPLIST_FILE = MyTextFieldsDelegateTests/Info.plist;
				LD_RUNPATH_SEARCH_PATHS = "$(inherited) @executable_path/Frameworks";
				PRODUCT_NAME = "$(TARGET_NAME)";
			};
			name = Debug;
		};
		336CEF391B1FFD6000568D5A /* Release */ = {
			isa = XCBuildConfiguration;
			buildSettings = {
				ASSETCATALOG_COMPILER_APPICON_NAME = AppIcon;
				INFOPLIST_FILE = MyTextFieldsDelegateTests/Info.plist;
				LD_RUNPATH_SEARCH_PATHS = "$(inherited) @executable_path/Frameworks";
				PRODUCT_NAME = "$(TARGET_NAME)";
			};
			name = Release;
		};
		336CEF3B1B1FFD6000568D5A /* Debug */ = {
			isa = XCBuildConfiguration;
			buildSettings = {
				BUNDLE_LOADER = "$(TEST_HOST)";
				FRAMEWORK_SEARCH_PATHS = (
					"$(SDKROOT)/Developer/Library/Frameworks",
					"$(inherited)",
				);
				GCC_PREPROCESSOR_DEFINITIONS = (
					"DEBUG=1",
					"$(inherited)",
				);
				INFOPLIST_FILE = MyTextFieldsDelegateTestsTests/Info.plist;
				LD_RUNPATH_SEARCH_PATHS = "$(inherited) @executable_path/Frameworks @loader_path/Frameworks";
				PRODUCT_NAME = "$(TARGET_NAME)";
				TEST_HOST = "$(BUILT_PRODUCTS_DIR)/MyTextFieldsDelegateTests.app/MyTextFieldsDelegateTests";
			};
			name = Debug;
		};
		336CEF3C1B1FFD6000568D5A /* Release */ = {
			isa = XCBuildConfiguration;
			buildSettings = {
				BUNDLE_LOADER = "$(TEST_HOST)";
				FRAMEWORK_SEARCH_PATHS = (
					"$(SDKROOT)/Developer/Library/Frameworks",
					"$(inherited)",
				);
				INFOPLIST_FILE = MyTextFieldsDelegateTestsTests/Info.plist;
				LD_RUNPATH_SEARCH_PATHS = "$(inherited) @executable_path/Frameworks @loader_path/Frameworks";
				PRODUCT_NAME = "$(TARGET_NAME)";
				TEST_HOST = "$(BUILT_PRODUCTS_DIR)/MyTextFieldsDelegateTests.app/MyTextFieldsDelegateTests";
			};
			name = Release;
		};
/* End XCBuildConfiguration section */

/* Begin XCConfigurationList section */
		336CEF131B1FFD6000568D5A /* Build configuration list for PBXProject "MyTextFieldsDelegateTests" */ = {
			isa = XCConfigurationList;
			buildConfigurations = (
				336CEF351B1FFD6000568D5A /* Debug */,
				336CEF361B1FFD6000568D5A /* Release */,
			);
			defaultConfigurationIsVisible = 0;
			defaultConfigurationName = Release;
		};
		336CEF371B1FFD6000568D5A /* Build configuration list for PBXNativeTarget "MyTextFieldsDelegateTests" */ = {
			isa = XCConfigurationList;
			buildConfigurations = (
				336CEF381B1FFD6000568D5A /* Debug */,
				336CEF391B1FFD6000568D5A /* Release */,
			);
			defaultConfigurationIsVisible = 0;
		};
		336CEF3A1B1FFD6000568D5A /* Build configuration list for PBXNativeTarget "MyTextFieldsDelegateTestsTests" */ = {
			isa = XCConfigurationList;
			buildConfigurations = (
				336CEF3B1B1FFD6000568D5A /* Debug */,
				336CEF3C1B1FFD6000568D5A /* Release */,
			);
			defaultConfigurationIsVisible = 0;
		};
/* End XCConfigurationList section */
	};
	rootObject = 336CEF101B1FFD6000568D5A /* Project object */;
}
